<?xml version="1.0" encoding="utf-8"?>
<Project ToolsVersion="4.0" xmlns="http://schemas.microsoft.com/developer/msbuild/2003">
  <ItemGroup>
    <Filter Include="Source Files">
      <UniqueIdentifier>{4FC737F1-C7A5-4376-A066-2A32D752A2FF}</UniqueIdentifier>
      <Extensions>cpp;c;cc;cxx;def;odl;idl;hpj;bat;asm;asmx</Extensions>
    </Filter>
    <Filter Include="Header Files">
      <UniqueIdentifier>{93995380-89BD-4b04-88EB-625FBE52EBFB}</UniqueIdentifier>
      <Extensions>h;hh;hpp;hxx;hm;inl;inc;ipp;xsd</Extensions>
    </Filter>
    <Filter Include="Resource Files">
      <UniqueIdentifier>{67DA6AB6-F800-4c08-8B7A-83BB121AAD01}</UniqueIdentifier>
      <Extensions>rc;ico;cur;bmp;dlg;rc2;rct;bin;rgs;gif;jpg;jpeg;jpe;resx;tiff;tif;png;wav;mfcribbon-ms</Extensions>
    </Filter>
    <Filter Include="Source Files\shader">
      <UniqueIdentifier>{50296bc6-25fb-42b5-80ab-3f8704bfd684}</UniqueIdentifier>
    </Filter>
    <Filter Include="library">
      <UniqueIdentifier>{e2556326-772c-4c2c-bf33-7b5924c3ad3b}</UniqueIdentifier>
    </Filter>
    <Filter Include="library\imgui">
      <UniqueIdentifier>{a91f6a53-3a87-48f0-835b-9e6bb9b9620f}</UniqueIdentifier>
    </Filter>
    <Filter Include="library\rp3d">
      <UniqueIdentifier>{fe2e0943-0102-43ac-afad-e69c4e28ed0e}</UniqueIdentifier>
    </Filter>
  </ItemGroup>
  <ItemGroup>
    <ClCompile Include="main.cpp">
      <Filter>Source Files</Filter>
    </ClCompile>
    <ClCompile Include="..\library\imgui\imgui.cpp">
      <Filter>library\imgui</Filter>
    </ClCompile>
    <ClCompile Include="..\library\imgui\imgui_demo.cpp">
      <Filter>library\imgui</Filter>
    </ClCompile>
    <ClCompile Include="..\library\imgui\imgui_impl_glfw_gl3.cpp">
      <Filter>library\imgui</Filter>
    </ClCompile>
    <ClCompile Include="..\library\imgui\imgui_draw.cpp">
      <Filter>library\imgui</Filter>
    </ClCompile>
    <ClCompile Include="..\library\glad\src\glad.c">
      <Filter>library</Filter>
    </ClCompile>
    <ClCompile Include="GLShader.cpp">
      <Filter>Source Files</Filter>
    </ClCompile>
    <ClCompile Include="GUI.cpp">
      <Filter>Source Files</Filter>
    </ClCompile>
    <ClCompile Include="GLPlatform.cpp">
      <Filter>Source Files</Filter>
    </ClCompile>
    <ClCompile Include="GameConfig.cpp">
      <Filter>Source Files</Filter>
    </ClCompile>
    <ClCompile Include="Collision.cpp">
      <Filter>Source Files</Filter>
    </ClCompile>
    <ClCompile Include="..\library\reactphysics3d-master\testbed\common\ConcaveMesh.cpp">
      <Filter>library\rp3d</Filter>
    </ClCompile>
    <ClCompile Include="..\library\reactphysics3d-master\testbed\common\PhysicsObject.cpp">
      <Filter>library\rp3d</Filter>
    </ClCompile>
    <ClCompile Include="..\library\reactphysics3d-master\testbed\opengl-framework\src\Mesh.cpp">
      <Filter>library\rp3d</Filter>
    </ClCompile>
    <ClCompile Include="..\library\reactphysics3d-master\testbed\opengl-framework\src\MeshReaderWriter.cpp">
      <Filter>library\rp3d</Filter>
    </ClCompile>
    <ClCompile Include="..\library\reactphysics3d-master\testbed\opengl-framework\src\Object3D.cpp">
      <Filter>library\rp3d</Filter>
    </ClCompile>
    <ClCompile Include="GLMesh.cpp">
      <Filter>Source Files</Filter>
    </ClCompile>
    <ClCompile Include="GLModel.cpp">
      <Filter>Source Files</Filter>
    </ClCompile>
    <ClCompile Include="Skybox.cpp">
      <Filter>Source Files</Filter>
    </ClCompile>
    <ClCompile Include="Camera.cpp">
      <Filter>Source Files</Filter>
    </ClCompile>
    <ClCompile Include="Game.cpp">
      <Filter>Source Files</Filter>
    </ClCompile>
<<<<<<< HEAD
    <ClCompile Include="ParticleSystem.cpp">
      <Filter>Source Files</Filter>
    </ClCompile>
=======
>>>>>>> master
  </ItemGroup>
  <ItemGroup>
    <ClInclude Include="..\library\imgui\imgui_impl_glfw_gl3.h">
      <Filter>library\imgui</Filter>
    </ClInclude>
    <ClInclude Include="..\library\imgui\imgui.h">
      <Filter>library\imgui</Filter>
    </ClInclude>
    <ClInclude Include="GLShader.h">
      <Filter>Header Files</Filter>
    </ClInclude>
    <ClInclude Include="GUI.h">
      <Filter>Header Files</Filter>
    </ClInclude>
    <ClInclude Include="GLPlatform.h">
      <Filter>Header Files</Filter>
    </ClInclude>
    <ClInclude Include="GameConfig.h">
      <Filter>Header Files</Filter>
    </ClInclude>
    <ClInclude Include="Collision.h">
      <Filter>Header Files</Filter>
    </ClInclude>
    <ClInclude Include="GLMesh.h">
      <Filter>Header Files</Filter>
    </ClInclude>
    <ClInclude Include="GLModel.h">
      <Filter>Header Files</Filter>
    </ClInclude>
    <ClInclude Include="Skybox.h">
      <Filter>Header Files</Filter>
    </ClInclude>
    <ClInclude Include="Camera.h">
      <Filter>Header Files</Filter>
    </ClInclude>
<<<<<<< HEAD
    <ClInclude Include="Game.h">
      <Filter>Header Files</Filter>
    </ClInclude>
    <ClInclude Include="ParticleSystem.h">
      <Filter>Header Files</Filter>
    </ClInclude>
=======
>>>>>>> master
  </ItemGroup>
  <ItemGroup>
    <None Include="shader\shader.frag">
      <Filter>Source Files\shader</Filter>
    </None>
    <None Include="shader\shader.vert">
      <Filter>Source Files\shader</Filter>
    </None>
    <None Include="shader\shadow.frag">
      <Filter>Source Files\shader</Filter>
    </None>
    <None Include="shader\shadow.vert">
      <Filter>Source Files\shader</Filter>
    </None>
    <None Include="shader\skyshader.vert">
      <Filter>Source Files\shader</Filter>
    </None>
    <None Include="shader\skyshader.frag">
      <Filter>Source Files\shader</Filter>
    </None>
    <None Include="shader\particle.frag">
      <Filter>Source Files\shader</Filter>
    </None>
    <None Include="shader\particle.vert">
      <Filter>Source Files\shader</Filter>
    </None>
  </ItemGroup>
</Project>
